# This file is automatically @generated by Cargo.
# It is not intended for manual editing.
version = 4

[[package]]
name = "stock_ast"
version = "0.1.0"
dependencies = [
 "stock_span",
]

[[package]]
name = "stock_lexer"
version = "0.1.0"
dependencies = [
 "stock_span",
]

[[package]]
name = "stock_parser"
version = "0.1.0"
dependencies = [
 "stock_ast",
 "stock_lexer",
 "stock_span",
]

[[package]]
name = "stock_span"
version = "0.1.0"
